
Microsoft Visual Studio Solution File, Format Version 12.00
# Visual Studio 15
VisualStudioVersion = 15.0.26430.14
MinimumVisualStudioVersion = 10.0.40219.1
Project("{FAE04EC0-301F-11D3-BF4B-00C04F79EFBC}") = "MVC_Panderia", "MVC_Panderia\MVC_Panderia.csproj", "{0D7E1A88-19C7-4298-8087-F17073A761AE}"
EndProject
Project("{FAE04EC0-301F-11D3-BF4B-00C04F79EFBC}") = "MVC_Panderia.Tests", "MVC_Panderia.Tests\MVC_Panderia.Tests.csproj", "{3AA4A149-8A76-41ED-AB2A-C65DA93D8F52}"
EndProject
Global
	GlobalSection(SolutionConfigurationPlatforms) = preSolution
		Debug|Any CPU = Debug|Any CPU
		Release|Any CPU = Release|Any CPU
	EndGlobalSection
	GlobalSection(ProjectConfigurationPlatforms) = postSolution
		{0D7E1A88-19C7-4298-8087-F17073A761AE}.Debug|Any CPU.ActiveCfg = Debug|Any CPU
		{0D7E1A88-19C7-4298-8087-F17073A761AE}.Debug|Any CPU.Build.0 = Debug|Any CPU
		{0D7E1A88-19C7-4298-8087-F17073A761AE}.Release|Any CPU.ActiveCfg = Release|Any CPU
		{0D7E1A88-19C7-4298-8087-F17073A761AE}.Release|Any CPU.Build.0 = Release|Any CPU
		{3AA4A149-8A76-41ED-AB2A-C65DA93D8F52}.Debug|Any CPU.ActiveCfg = Debug|Any CPU
		{3AA4A149-8A76-41ED-AB2A-C65DA93D8F52}.Debug|Any CPU.Build.0 = Debug|Any CPU
		{3AA4A149-8A76-41ED-AB2A-C65DA93D8F52}.Release|Any CPU.ActiveCfg = Release|Any CPU
		{3AA4A149-8A76-41ED-AB2A-C65DA93D8F52}.Release|Any CPU.Build.0 = Release|Any CPU
	EndGlobalSection
	GlobalSection(SolutionProperties) = preSolution
		HideSolutionNode = FALSE
	EndGlobalSection
EndGlobal
